// !$*UTF8*$!
{
	archiveVersion = 1;
	classes = {
	};
	objectVersion = 56;
	objects = {

/* Begin PBXBuildFile section */
		7C537F4E2A77F46D009196C9 /* SkillMapperApp.swift in Sources */ = {isa = PBXBuildFile; fileRef = 7C537F4D2A77F46D009196C9 /* SkillMapperApp.swift */; };
		7C537F502A77F46D009196C9 /* ContentView.swift in Sources */ = {isa = PBXBuildFile; fileRef = 7C537F4F2A77F46D009196C9 /* ContentView.swift */; };
		7C537F522A77F46E009196C9 /* Assets.xcassets in Resources */ = {isa = PBXBuildFile; fileRef = 7C537F512A77F46E009196C9 /* Assets.xcassets */; };
		7C537F562A77F46E009196C9 /* Preview Assets.xcassets in Resources */ = {isa = PBXBuildFile; fileRef = 7C537F552A77F46E009196C9 /* Preview Assets.xcassets */; };
		7C537F5E2A77FBD0009196C9 /* Main.xcdatamodeld in Sources */ = {isa = PBXBuildFile; fileRef = 7C537F5C2A77FBD0009196C9 /* Main.xcdatamodeld */; };
		7C537F602A77FFBC009196C9 /* DataController.swift in Sources */ = {isa = PBXBuildFile; fileRef = 7C537F5F2A77FFBC009196C9 /* DataController.swift */; };
		7C537F632A78EEBF009196C9 /* SidebarView.swift in Sources */ = {isa = PBXBuildFile; fileRef = 7C537F622A78EEBF009196C9 /* SidebarView.swift */; };
		7C537F652A78EEC8009196C9 /* DetailView.swift in Sources */ = {isa = PBXBuildFile; fileRef = 7C537F642A78EEC8009196C9 /* DetailView.swift */; };
		7C537F672A78F174009196C9 /* Filter.swift in Sources */ = {isa = PBXBuildFile; fileRef = 7C537F662A78F174009196C9 /* Filter.swift */; };
		7C69C6E92A7950BC00ED148D /* Skill-CoreDataHelpers.swift in Sources */ = {isa = PBXBuildFile; fileRef = 7C69C6E82A7950BC00ED148D /* Skill-CoreDataHelpers.swift */; };
		7C69C6EB2A79536400ED148D /* Tag-CoreDataHelpers.swift in Sources */ = {isa = PBXBuildFile; fileRef = 7C69C6EA2A79536400ED148D /* Tag-CoreDataHelpers.swift */; };
		7C69C6ED2A7A02CD00ED148D /* SkillRow.swift in Sources */ = {isa = PBXBuildFile; fileRef = 7C69C6EC2A7A02CD00ED148D /* SkillRow.swift */; };
/* End PBXBuildFile section */

/* Begin PBXFileReference section */
		7C537F4A2A77F46D009196C9 /* SkillMapper.app */ = {isa = PBXFileReference; explicitFileType = wrapper.application; includeInIndex = 0; path = SkillMapper.app; sourceTree = BUILT_PRODUCTS_DIR; };
		7C537F4D2A77F46D009196C9 /* SkillMapperApp.swift */ = {isa = PBXFileReference; lastKnownFileType = sourcecode.swift; path = SkillMapperApp.swift; sourceTree = "<group>"; };
		7C537F4F2A77F46D009196C9 /* ContentView.swift */ = {isa = PBXFileReference; lastKnownFileType = sourcecode.swift; path = ContentView.swift; sourceTree = "<group>"; };
		7C537F512A77F46E009196C9 /* Assets.xcassets */ = {isa = PBXFileReference; lastKnownFileType = folder.assetcatalog; path = Assets.xcassets; sourceTree = "<group>"; };
		7C537F532A77F46E009196C9 /* SkillMapper.entitlements */ = {isa = PBXFileReference; lastKnownFileType = text.plist.entitlements; path = SkillMapper.entitlements; sourceTree = "<group>"; };
		7C537F552A77F46E009196C9 /* Preview Assets.xcassets */ = {isa = PBXFileReference; lastKnownFileType = folder.assetcatalog; path = "Preview Assets.xcassets"; sourceTree = "<group>"; };
		7C537F5D2A77FBD0009196C9 /* Main.xcdatamodel */ = {isa = PBXFileReference; lastKnownFileType = wrapper.xcdatamodel; path = Main.xcdatamodel; sourceTree = "<group>"; };
		7C537F5F2A77FFBC009196C9 /* DataController.swift */ = {isa = PBXFileReference; lastKnownFileType = sourcecode.swift; path = DataController.swift; sourceTree = "<group>"; };
		7C537F612A78034A009196C9 /* Info.plist */ = {isa = PBXFileReference; lastKnownFileType = text.plist; path = Info.plist; sourceTree = "<group>"; };
		7C537F622A78EEBF009196C9 /* SidebarView.swift */ = {isa = PBXFileReference; lastKnownFileType = sourcecode.swift; path = SidebarView.swift; sourceTree = "<group>"; };
		7C537F642A78EEC8009196C9 /* DetailView.swift */ = {isa = PBXFileReference; lastKnownFileType = sourcecode.swift; path = DetailView.swift; sourceTree = "<group>"; };
		7C537F662A78F174009196C9 /* Filter.swift */ = {isa = PBXFileReference; lastKnownFileType = sourcecode.swift; path = Filter.swift; sourceTree = "<group>"; };
		7C69C6E82A7950BC00ED148D /* Skill-CoreDataHelpers.swift */ = {isa = PBXFileReference; lastKnownFileType = sourcecode.swift; path = "Skill-CoreDataHelpers.swift"; sourceTree = "<group>"; };
		7C69C6EA2A79536400ED148D /* Tag-CoreDataHelpers.swift */ = {isa = PBXFileReference; lastKnownFileType = sourcecode.swift; path = "Tag-CoreDataHelpers.swift"; sourceTree = "<group>"; };
		7C69C6EC2A7A02CD00ED148D /* SkillRow.swift */ = {isa = PBXFileReference; lastKnownFileType = sourcecode.swift; path = SkillRow.swift; sourceTree = "<group>"; };
/* End PBXFileReference section */

/* Begin PBXFrameworksBuildPhase section */
		7C537F472A77F46D009196C9 /* Frameworks */ = {
			isa = PBXFrameworksBuildPhase;
			buildActionMask = 2147483647;
			files = (
			);
			runOnlyForDeploymentPostprocessing = 0;
		};
/* End PBXFrameworksBuildPhase section */

/* Begin PBXGroup section */
		7C537F412A77F46D009196C9 = {
			isa = PBXGroup;
			children = (
				7C537F4C2A77F46D009196C9 /* SkillMapper */,
				7C537F4B2A77F46D009196C9 /* Products */,
			);
			sourceTree = "<group>";
		};
		7C537F4B2A77F46D009196C9 /* Products */ = {
			isa = PBXGroup;
			children = (
				7C537F4A2A77F46D009196C9 /* SkillMapper.app */,
			);
			name = Products;
			sourceTree = "<group>";
		};
		7C537F4C2A77F46D009196C9 /* SkillMapper */ = {
			isa = PBXGroup;
			children = (
				7C537F612A78034A009196C9 /* Info.plist */,
				7C537F4D2A77F46D009196C9 /* SkillMapperApp.swift */,
				7C537F4F2A77F46D009196C9 /* ContentView.swift */,
				7C69C6EC2A7A02CD00ED148D /* SkillRow.swift */,
				7C537F622A78EEBF009196C9 /* SidebarView.swift */,
				7C537F642A78EEC8009196C9 /* DetailView.swift */,
				7C537F662A78F174009196C9 /* Filter.swift */,
				7C69C6E82A7950BC00ED148D /* Skill-CoreDataHelpers.swift */,
				7C69C6EA2A79536400ED148D /* Tag-CoreDataHelpers.swift */,
				7C537F5F2A77FFBC009196C9 /* DataController.swift */,
				7C537F5C2A77FBD0009196C9 /* Main.xcdatamodeld */,
				7C537F512A77F46E009196C9 /* Assets.xcassets */,
				7C537F532A77F46E009196C9 /* SkillMapper.entitlements */,
				7C537F542A77F46E009196C9 /* Preview Content */,
			);
			path = SkillMapper;
			sourceTree = "<group>";
		};
		7C537F542A77F46E009196C9 /* Preview Content */ = {
			isa = PBXGroup;
			children = (
				7C537F552A77F46E009196C9 /* Preview Assets.xcassets */,
			);
			path = "Preview Content";
			sourceTree = "<group>";
		};
/* End PBXGroup section */

/* Begin PBXNativeTarget section */
		7C537F492A77F46D009196C9 /* SkillMapper */ = {
			isa = PBXNativeTarget;
			buildConfigurationList = 7C537F592A77F46E009196C9 /* Build configuration list for PBXNativeTarget "SkillMapper" */;
			buildPhases = (
				7C537F462A77F46D009196C9 /* Sources */,
				7C537F472A77F46D009196C9 /* Frameworks */,
				7C537F482A77F46D009196C9 /* Resources */,
			);
			buildRules = (
			);
			dependencies = (
			);
			name = SkillMapper;
			productName = SkillMapper;
			productReference = 7C537F4A2A77F46D009196C9 /* SkillMapper.app */;
			productType = "com.apple.product-type.application";
		};
/* End PBXNativeTarget section */

/* Begin PBXProject section */
		7C537F422A77F46D009196C9 /* Project object */ = {
			isa = PBXProject;
			attributes = {
				BuildIndependentTargetsInParallel = 1;
				LastSwiftUpdateCheck = 1430;
				LastUpgradeCheck = 1430;
				TargetAttributes = {
					7C537F492A77F46D009196C9 = {
						CreatedOnToolsVersion = 14.3.1;
					};
				};
			};
			buildConfigurationList = 7C537F452A77F46D009196C9 /* Build configuration list for PBXProject "SkillMapper" */;
			compatibilityVersion = "Xcode 14.0";
			developmentRegion = en;
			hasScannedForEncodings = 0;
			knownRegions = (
				en,
				Base,
			);
			mainGroup = 7C537F412A77F46D009196C9;
			productRefGroup = 7C537F4B2A77F46D009196C9 /* Products */;
			projectDirPath = "";
			projectRoot = "";
			targets = (
				7C537F492A77F46D009196C9 /* SkillMapper */,
			);
		};
/* End PBXProject section */

/* Begin PBXResourcesBuildPhase section */
		7C537F482A77F46D009196C9 /* Resources */ = {
			isa = PBXResourcesBuildPhase;
			buildActionMask = 2147483647;
			files = (
				7C537F562A77F46E009196C9 /* Preview Assets.xcassets in Resources */,
				7C537F522A77F46E009196C9 /* Assets.xcassets in Resources */,
			);
			runOnlyForDeploymentPostprocessing = 0;
		};
/* End PBXResourcesBuildPhase section */

/* Begin PBXSourcesBuildPhase section */
		7C537F462A77F46D009196C9 /* Sources */ = {
			isa = PBXSourcesBuildPhase;
			buildActionMask = 2147483647;
			files = (
				7C69C6E92A7950BC00ED148D /* Skill-CoreDataHelpers.swift in Sources */,
				7C69C6EB2A79536400ED148D /* Tag-CoreDataHelpers.swift in Sources */,
				7C537F672A78F174009196C9 /* Filter.swift in Sources */,
				7C537F5E2A77FBD0009196C9 /* Main.xcdatamodeld in Sources */,
				7C69C6ED2A7A02CD00ED148D /* SkillRow.swift in Sources */,
				7C537F652A78EEC8009196C9 /* DetailView.swift in Sources */,
				7C537F602A77FFBC009196C9 /* DataController.swift in Sources */,
				7C537F632A78EEBF009196C9 /* SidebarView.swift in Sources */,
				7C537F502A77F46D009196C9 /* ContentView.swift in Sources */,
				7C537F4E2A77F46D009196C9 /* SkillMapperApp.swift in Sources */,
			);
			runOnlyForDeploymentPostprocessing = 0;
		};
/* End PBXSourcesBuildPhase section */

/* Begin XCBuildConfiguration section */
		7C537F572A77F46E009196C9 /* Debug */ = {
			isa = XCBuildConfiguration;
			buildSettings = {
				ALWAYS_SEARCH_USER_PATHS = NO;
				CLANG_ANALYZER_NONNULL = YES;
				CLANG_ANALYZER_NUMBER_OBJECT_CONVERSION = YES_AGGRESSIVE;
				CLANG_CXX_LANGUAGE_STANDARD = "gnu++20";
				CLANG_ENABLE_MODULES = YES;
				CLANG_ENABLE_OBJC_ARC = YES;
				CLANG_ENABLE_OBJC_WEAK = YES;
				CLANG_WARN_BLOCK_CAPTURE_AUTORELEASING = YES;
				CLANG_WARN_BOOL_CONVERSION = YES;
				CLANG_WARN_COMMA = YES;
				CLANG_WARN_CONSTANT_CONVERSION = YES;
				CLANG_WARN_DEPRECATED_OBJC_IMPLEMENTATIONS = YES;
				CLANG_WARN_DIRECT_OBJC_ISA_USAGE = YES_ERROR;
				CLANG_WARN_DOCUMENTATION_COMMENTS = YES;
				CLANG_WARN_EMPTY_BODY = YES;
				CLANG_WARN_ENUM_CONVERSION = YES;
				CLANG_WARN_INFINITE_RECURSION = YES;
				CLANG_WARN_INT_CONVERSION = YES;
				CLANG_WARN_NON_LITERAL_NULL_CONVERSION = YES;
				CLANG_WARN_OBJC_IMPLICIT_RETAIN_SELF = YES;
				CLANG_WARN_OBJC_LITERAL_CONVERSION = YES;
				CLANG_WARN_OBJC_ROOT_CLASS = YES_ERROR;
				CLANG_WARN_QUOTED_INCLUDE_IN_FRAMEWORK_HEADER = YES;
				CLANG_WARN_RANGE_LOOP_ANALYSIS = YES;
				CLANG_WARN_STRICT_PROTOTYPES = YES;
				CLANG_WARN_SUSPICIOUS_MOVE = YES;
				CLANG_WARN_UNGUARDED_AVAILABILITY = YES_AGGRESSIVE;
				CLANG_WARN_UNREACHABLE_CODE = YES;
				CLANG_WARN__DUPLICATE_METHOD_MATCH = YES;
				COPY_PHASE_STRIP = NO;
				DEBUG_INFORMATION_FORMAT = dwarf;
				ENABLE_STRICT_OBJC_MSGSEND = YES;
				ENABLE_TESTABILITY = YES;
				GCC_C_LANGUAGE_STANDARD = gnu11;
				GCC_DYNAMIC_NO_PIC = NO;
				GCC_NO_COMMON_BLOCKS = YES;
				GCC_OPTIMIZATION_LEVEL = 0;
				GCC_PREPROCESSOR_DEFINITIONS = (
					"DEBUG=1",
					"$(inherited)",
				);
				GCC_WARN_64_TO_32_BIT_CONVERSION = YES;
				GCC_WARN_ABOUT_RETURN_TYPE = YES_ERROR;
				GCC_WARN_UNDECLARED_SELECTOR = YES;
				GCC_WARN_UNINITIALIZED_AUTOS = YES_AGGRESSIVE;
				GCC_WARN_UNUSED_FUNCTION = YES;
				GCC_WARN_UNUSED_VARIABLE = YES;
				MTL_ENABLE_DEBUG_INFO = INCLUDE_SOURCE;
				MTL_FAST_MATH = YES;
				ONLY_ACTIVE_ARCH = YES;
				SWIFT_ACTIVE_COMPILATION_CONDITIONS = DEBUG;
				SWIFT_OPTIMIZATION_LEVEL = "-Onone";
			};
			name = Debug;
		};
		7C537F582A77F46E009196C9 /* Release */ = {
			isa = XCBuildConfiguration;
			buildSettings = {
				ALWAYS_SEARCH_USER_PATHS = NO;
				CLANG_ANALYZER_NONNULL = YES;
				CLANG_ANALYZER_NUMBER_OBJECT_CONVERSION = YES_AGGRESSIVE;
				CLANG_CXX_LANGUAGE_STANDARD = "gnu++20";
				CLANG_ENABLE_MODULES = YES;
				CLANG_ENABLE_OBJC_ARC = YES;
				CLANG_ENABLE_OBJC_WEAK = YES;
				CLANG_WARN_BLOCK_CAPTURE_AUTORELEASING = YES;
				CLANG_WARN_BOOL_CONVERSION = YES;
				CLANG_WARN_COMMA = YES;
				CLANG_WARN_CONSTANT_CONVERSION = YES;
				CLANG_WARN_DEPRECATED_OBJC_IMPLEMENTATIONS = YES;
				CLANG_WARN_DIRECT_OBJC_ISA_USAGE = YES_ERROR;
				CLANG_WARN_DOCUMENTATION_COMMENTS = YES;
				CLANG_WARN_EMPTY_BODY = YES;
				CLANG_WARN_ENUM_CONVERSION = YES;
				CLANG_WARN_INFINITE_RECURSION = YES;
				CLANG_WARN_INT_CONVERSION = YES;
				CLANG_WARN_NON_LITERAL_NULL_CONVERSION = YES;
				CLANG_WARN_OBJC_IMPLICIT_RETAIN_SELF = YES;
				CLANG_WARN_OBJC_LITERAL_CONVERSION = YES;
				CLANG_WARN_OBJC_ROOT_CLASS = YES_ERROR;
				CLANG_WARN_QUOTED_INCLUDE_IN_FRAMEWORK_HEADER = YES;
				CLANG_WARN_RANGE_LOOP_ANALYSIS = YES;
				CLANG_WARN_STRICT_PROTOTYPES = YES;
				CLANG_WARN_SUSPICIOUS_MOVE = YES;
				CLANG_WARN_UNGUARDED_AVAILABILITY = YES_AGGRESSIVE;
				CLANG_WARN_UNREACHABLE_CODE = YES;
				CLANG_WARN__DUPLICATE_METHOD_MATCH = YES;
				COPY_PHASE_STRIP = NO;
				DEBUG_INFORMATION_FORMAT = "dwarf-with-dsym";
				ENABLE_NS_ASSERTIONS = NO;
				ENABLE_STRICT_OBJC_MSGSEND = YES;
				GCC_C_LANGUAGE_STANDARD = gnu11;
				GCC_NO_COMMON_BLOCKS = YES;
				GCC_WARN_64_TO_32_BIT_CONVERSION = YES;
				GCC_WARN_ABOUT_RETURN_TYPE = YES_ERROR;
				GCC_WARN_UNDECLARED_SELECTOR = YES;
				GCC_WARN_UNINITIALIZED_AUTOS = YES_AGGRESSIVE;
				GCC_WARN_UNUSED_FUNCTION = YES;
				GCC_WARN_UNUSED_VARIABLE = YES;
				MTL_ENABLE_DEBUG_INFO = NO;
				MTL_FAST_MATH = YES;
				SWIFT_COMPILATION_MODE = wholemodule;
				SWIFT_OPTIMIZATION_LEVEL = "-O";
			};
			name = Release;
		};
		7C537F5A2A77F46E009196C9 /* Debug */ = {
			isa = XCBuildConfiguration;
			buildSettings = {
				ASSETCATALOG_COMPILER_APPICON_NAME = AppIcon;
				ASSETCATALOG_COMPILER_GLOBAL_ACCENT_COLOR_NAME = AccentColor;
				CODE_SIGN_ENTITLEMENTS = SkillMapper/SkillMapper.entitlements;
				CODE_SIGN_STYLE = Automatic;
				CURRENT_PROJECT_VERSION = 1;
				DEVELOPMENT_ASSET_PATHS = "\"SkillMapper/Preview Content\"";
				DEVELOPMENT_TEAM = B534AW2NU4;
				ENABLE_HARDENED_RUNTIME = YES;
				ENABLE_PREVIEWS = YES;
				GENERATE_INFOPLIST_FILE = YES;
				INFOPLIST_FILE = SkillMapper/Info.plist;
				"INFOPLIST_KEY_UIApplicationSceneManifest_Generation[sdk=iphoneos*]" = YES;
				"INFOPLIST_KEY_UIApplicationSceneManifest_Generation[sdk=iphonesimulator*]" = YES;
				"INFOPLIST_KEY_UIApplicationSupportsIndirectInputEvents[sdk=iphoneos*]" = YES;
				"INFOPLIST_KEY_UIApplicationSupportsIndirectInputEvents[sdk=iphonesimulator*]" = YES;
				"INFOPLIST_KEY_UILaunchScreen_Generation[sdk=iphoneos*]" = YES;
				"INFOPLIST_KEY_UILaunchScreen_Generation[sdk=iphonesimulator*]" = YES;
				"INFOPLIST_KEY_UIStatusBarStyle[sdk=iphoneos*]" = UIStatusBarStyleDefault;
				"INFOPLIST_KEY_UIStatusBarStyle[sdk=iphonesimulator*]" = UIStatusBarStyleDefault;
				INFOPLIST_KEY_UISupportedInterfaceOrientations_iPad = "UIInterfaceOrientationPortrait UIInterfaceOrientationPortraitUpsideDown UIInterfaceOrientationLandscapeLeft UIInterfaceOrientationLandscapeRight";
				INFOPLIST_KEY_UISupportedInterfaceOrientations_iPhone = "UIInterfaceOrientationPortrait UIInterfaceOrientationLandscapeLeft UIInterfaceOrientationLandscapeRight";
				IPHONEOS_DEPLOYMENT_TARGET = 16.4;
				LD_RUNPATH_SEARCH_PATHS = "@executable_path/Frameworks";
				"LD_RUNPATH_SEARCH_PATHS[sdk=macosx*]" = "@executable_path/../Frameworks";
				MACOSX_DEPLOYMENT_TARGET = 13.3;
				MARKETING_VERSION = 1.0;
				PRODUCT_BUNDLE_IDENTIFIER = io.github.tienbui1508.SkillMapper;
				PRODUCT_NAME = "$(TARGET_NAME)";
				SDKROOT = auto;
				SUPPORTED_PLATFORMS = "iphoneos iphonesimulator macosx";
				SWIFT_EMIT_LOC_STRINGS = YES;
				SWIFT_VERSION = 5.0;
				TARGETED_DEVICE_FAMILY = "1,2";
			};
			name = Debug;
		};
		7C537F5B2A77F46E009196C9 /* Release */ = {
			isa = XCBuildConfiguration;
			buildSettings = {
				ASSETCATALOG_COMPILER_APPICON_NAME = AppIcon;
				ASSETCATALOG_COMPILER_GLOBAL_ACCENT_COLOR_NAME = AccentColor;
				CODE_SIGN_ENTITLEMENTS = SkillMapper/SkillMapper.entitlements;
				CODE_SIGN_STYLE = Automatic;
				CURRENT_PROJECT_VERSION = 1;
				DEVELOPMENT_ASSET_PATHS = "\"SkillMapper/Preview Content\"";
				DEVELOPMENT_TEAM = B534AW2NU4;
				ENABLE_HARDENED_RUNTIME = YES;
				ENABLE_PREVIEWS = YES;
				GENERATE_INFOPLIST_FILE = YES;
				INFOPLIST_FILE = SkillMapper/Info.plist;
				"INFOPLIST_KEY_UIApplicationSceneManifest_Generation[sdk=iphoneos*]" = YES;
				"INFOPLIST_KEY_UIApplicationSceneManifest_Generation[sdk=iphonesimulator*]" = YES;
				"INFOPLIST_KEY_UIApplicationSupportsIndirectInputEvents[sdk=iphoneos*]" = YES;
				"INFOPLIST_KEY_UIApplicationSupportsIndirectInputEvents[sdk=iphonesimulator*]" = YES;
				"INFOPLIST_KEY_UILaunchScreen_Generation[sdk=iphoneos*]" = YES;
				"INFOPLIST_KEY_UILaunchScreen_Generation[sdk=iphonesimulator*]" = YES;
				"INFOPLIST_KEY_UIStatusBarStyle[sdk=iphoneos*]" = UIStatusBarStyleDefault;
				"INFOPLIST_KEY_UIStatusBarStyle[sdk=iphonesimulator*]" = UIStatusBarStyleDefault;
				INFOPLIST_KEY_UISupportedInterfaceOrientations_iPad = "UIInterfaceOrientationPortrait UIInterfaceOrientationPortraitUpsideDown UIInterfaceOrientationLandscapeLeft UIInterfaceOrientationLandscapeRight";
				INFOPLIST_KEY_UISupportedInterfaceOrientations_iPhone = "UIInterfaceOrientationPortrait UIInterfaceOrientationLandscapeLeft UIInterfaceOrientationLandscapeRight";
				IPHONEOS_DEPLOYMENT_TARGET = 16.4;
				LD_RUNPATH_SEARCH_PATHS = "@executable_path/Frameworks";
				"LD_RUNPATH_SEARCH_PATHS[sdk=macosx*]" = "@executable_path/../Frameworks";
				MACOSX_DEPLOYMENT_TARGET = 13.3;
				MARKETING_VERSION = 1.0;
				PRODUCT_BUNDLE_IDENTIFIER = io.github.tienbui1508.SkillMapper;
				PRODUCT_NAME = "$(TARGET_NAME)";
				SDKROOT = auto;
				SUPPORTED_PLATFORMS = "iphoneos iphonesimulator macosx";
				SWIFT_EMIT_LOC_STRINGS = YES;
				SWIFT_VERSION = 5.0;
				TARGETED_DEVICE_FAMILY = "1,2";
			};
			name = Release;
		};
/* End XCBuildConfiguration section */

/* Begin XCConfigurationList section */
		7C537F452A77F46D009196C9 /* Build configuration list for PBXProject "SkillMapper" */ = {
			isa = XCConfigurationList;
			buildConfigurations = (
				7C537F572A77F46E009196C9 /* Debug */,
				7C537F582A77F46E009196C9 /* Release */,
			);
			defaultConfigurationIsVisible = 0;
			defaultConfigurationName = Release;
		};
		7C537F592A77F46E009196C9 /* Build configuration list for PBXNativeTarget "SkillMapper" */ = {
			isa = XCConfigurationList;
			buildConfigurations = (
				7C537F5A2A77F46E009196C9 /* Debug */,
				7C537F5B2A77F46E009196C9 /* Release */,
			);
			defaultConfigurationIsVisible = 0;
			defaultConfigurationName = Release;
		};
/* End XCConfigurationList section */

/* Begin XCVersionGroup section */
		7C537F5C2A77FBD0009196C9 /* Main.xcdatamodeld */ = {
			isa = XCVersionGroup;
			children = (
				7C537F5D2A77FBD0009196C9 /* Main.xcdatamodel */,
			);
			currentVersion = 7C537F5D2A77FBD0009196C9 /* Main.xcdatamodel */;
			path = Main.xcdatamodeld;
			sourceTree = "<group>";
			versionGroupType = wrapper.xcdatamodel;
		};
/* End XCVersionGroup section */
	};
	rootObject = 7C537F422A77F46D009196C9 /* Project object */;
}
